{
    "_meta": {
        "hash": {
            "sha256": "53977f435b2f9f36ac77cecf6b231fe2553f4f869c8ebbe40034c838fdc7900f"
        },
        "pipfile-spec": 6,
        "requires": {
            "python_version": "3.6"
        },
        "sources": [
            {
                "name": "pypi",
                "url": "https://pypi.org/simple",
                "verify_ssl": true
            }
        ]
    },
    "default": {
        "django": {
            "hashes": [
                "sha256:04f2e423f2e60943c02bd2959174b844f7d1bcd19eabb7f8e4282999958021fd",
                "sha256:e1cc1cd6b658aa4e052f5f2b148bfda08091d7c3558529708342e37e4e33f72c"
            ],
            "index": "pypi",
            "version": "==2.1.1"
        },
        "pytz": {
            "hashes": [
                "sha256:a061aa0a9e06881eb8b3b2b43f05b9439d6583c206d0a6c340ff72a7b6669053",
                "sha256:ffb9ef1de172603304d9d2819af6f5ece76f2e85ec10692a524dd876e72bf277"
            ],
            "version": "==2018.5"
        }
    },
    "develop": {
        "tblib": {
            "hashes": [
                "sha256:436e4200e63d92316551179dc540906652878df4ff39b43db30fcf6400444fe7",
                "sha256:9bae4b8c44b06af0e114bfc4d5f6aa3eafd2119af5a4dcab34f51f1665f16c59"
            ],
            "index": "pypi",
            "version": "==1.3.2"
        }
    }
}
